
Microsoft Visual Studio Solution File, Format Version 12.00
# Visual Studio Version 17
VisualStudioVersion = 17.14.36301.6 d17.14
MinimumVisualStudioVersion = 10.0.40219.1
Project("{FAE04EC0-301F-11D3-BF4B-00C04F79EFBC}") = "Coding_Test", "Coding_Test\Coding_Test.csproj", "{88F02953-0926-4AEA-B5A1-32ECA0FAFFB9}"
EndProject
Global
	GlobalSection(SolutionConfigurationPlatforms) = preSolution
		Debug|Any CPU = Debug|Any CPU
		Release|Any CPU = Release|Any CPU
	EndGlobalSection
	GlobalSection(ProjectConfigurationPlatforms) = postSolution
		{88F02953-0926-4AEA-B5A1-32ECA0FAFFB9}.Debug|Any CPU.ActiveCfg = Debug|Any CPU
		{88F02953-0926-4AEA-B5A1-32ECA0FAFFB9}.Debug|Any CPU.Build.0 = Debug|Any CPU
		{88F02953-0926-4AEA-B5A1-32ECA0FAFFB9}.Release|Any CPU.ActiveCfg = Release|Any CPU
		{88F02953-0926-4AEA-B5A1-32ECA0FAFFB9}.Release|Any CPU.Build.0 = Release|Any CPU
	EndGlobalSection
	GlobalSection(SolutionProperties) = preSolution
		HideSolutionNode = FALSE
	EndGlobalSection
	GlobalSection(ExtensibilityGlobals) = postSolution
		SolutionGuid = {92D0BCDE-66C7-45BE-8DF6-C0BC60F5E24B}
	EndGlobalSection
EndGlobal
